
Microsoft Visual Studio Solution File, Format Version 12.00
# Visual Studio Version 16
VisualStudioVersion = 16.0.28922.388
MinimumVisualStudioVersion = 10.0.40219.1
Project("{2150E333-8FDC-42A3-9474-1A3956D46DE8}") = "YfCloud.Cache", "YfCloud.Cache", "{DD32BE70-B8A1-4B71-83E7-17A30D030E9A}"
EndProject
Project("{2150E333-8FDC-42A3-9474-1A3956D46DE8}") = "YfCloud.App.Module", "YfCloud.App.Module", "{1C156729-384C-401B-9325-B929D8829342}"
EndProject
Project("{2150E333-8FDC-42A3-9474-1A3956D46DE8}") = "YfCloud.Util", "YfCloud.Util", "{AC1ACB56-5ED8-41A3-8422-DDF7DEC4EF35}"
EndProject
Project("{9A19103F-16F7-4668-BE54-9A1E7A4F7556}") = "YfCloud.App.Module.Platform", "YfCloud.App.Module\YfCloud.App.Module.Platform\YfCloud.App.Module.Platform.csproj", "{9160C191-11AF-41CD-B3D6-803C9B37E20E}"
EndProject
Project("{9A19103F-16F7-4668-BE54-9A1E7A4F7556}") = "YfCloud.Utilities", "YfCloud.Util\YfCloud.Util\YfCloud.Utilities.csproj", "{35D58D11-F469-4768-960F-D8EFE6671C08}"
EndProject
Project("{2150E333-8FDC-42A3-9474-1A3956D46DE8}") = "YfCloud.Model", "YfCloud.Model", "{5ED93E41-9813-4590-8CB0-84D3ACFE522D}"
EndProject
Project("{9A19103F-16F7-4668-BE54-9A1E7A4F7556}") = "YfCloud.App.Module.Test", "YfCloud.App.Module\YfCloud.App.Module.Test\YfCloud.App.Module.Test.csproj", "{964A046D-BC90-46BD-8CF1-3BB702D56471}"
EndProject
Project("{9A19103F-16F7-4668-BE54-9A1E7A4F7556}") = "YfCloud.Models", "YfCloud.Model\YfCloud.Models\YfCloud.Models.csproj", "{6A614724-61DD-4A89-9F7B-9DF3E80353C0}"
EndProject
Project("{2150E333-8FDC-42A3-9474-1A3956D46DE8}") = "YfCloud.Extention", "YfCloud.Extention", "{C8811020-3142-4D2F-A6D7-EDA449BDD347}"
EndProject
Project("{9A19103F-16F7-4668-BE54-9A1E7A4F7556}") = "YfCloud.Extentions", "YfCloud.Extention\YfCloud.Extentions\YfCloud.Extentions.csproj", "{338B8812-FCBF-4EDE-8AA4-A48533459F78}"
EndProject
Project("{2150E333-8FDC-42A3-9474-1A3956D46DE8}") = "YfCloud.Attribute", "YfCloud.Attribute", "{A8C5233F-B9DB-45E2-A20B-38C2710ADBFC}"
EndProject
Project("{9A19103F-16F7-4668-BE54-9A1E7A4F7556}") = "YfCloud.Attributes", "YfCloud.Attribute\YfCloud.Attributes\YfCloud.Attributes.csproj", "{2080348C-FB54-4356-BCA9-CB9538D1B216}"
EndProject
Project("{2150E333-8FDC-42A3-9474-1A3956D46DE8}") = "YfCloud.Orm", "YfCloud.Orm", "{076D49D6-3232-4ED2-A01D-C8D219D4E805}"
EndProject
Project("{9A19103F-16F7-4668-BE54-9A1E7A4F7556}") = "SqlSugar", "YfCloud.Orm\SqlSugar\SqlSugar.csproj", "{EDDB2274-92DF-481B-82D2-42957FD322FA}"
EndProject
Project("{9A19103F-16F7-4668-BE54-9A1E7A4F7556}") = "YfCloud.Caches", "YfCloud.Cache\YfCloud.Caches\YfCloud.Caches.csproj", "{A983C614-F079-4BFA-876D-2A065DE474EB}"
EndProject
Project("{9A19103F-16F7-4668-BE54-9A1E7A4F7556}") = "YfCloud.App.Module.SystemLogin", "YfCloud.App.Module\YfCloud.App.Module.SystemLogin\YfCloud.App.Module.SystemLogin.csproj", "{74CA05D9-3824-45AB-8F1F-3841B370CB0A}"
EndProject
Project("{9A19103F-16F7-4668-BE54-9A1E7A4F7556}") = "YfCloud.App.Module.FileUpload", "YfCloud.App.Module\YfCloud.App.Module.FileUpload\YfCloud.App.Module.FileUpload.csproj", "{7CF5CD9A-BE3D-4F79-87B2-CB617B090C5B}"
EndProject
Project("{9A19103F-16F7-4668-BE54-9A1E7A4F7556}") = "YfCloud.App.Module.System", "YfCloud.App.Module\YfCloud.App.Module.System\YfCloud.App.Module.System.csproj", "{6EF9C194-3636-46AD-8C46-64320379181D}"
EndProject
Project("{9A19103F-16F7-4668-BE54-9A1E7A4F7556}") = "YfCloud.Framework", "YfCloud.Util\YfCloud.Framework\YfCloud.Framework.csproj", "{E828FD6D-40FA-433A-A059-2A39AAC0B978}"
EndProject
Project("{9A19103F-16F7-4668-BE54-9A1E7A4F7556}") = "YfCloud.DBModel", "YfCloud.Model\YfCloud.DBModel\YfCloud.DBModel.csproj", "{D8F0281F-6816-491A-8039-C6D49E9A2209}"
EndProject
Project("{9A19103F-16F7-4668-BE54-9A1E7A4F7556}") = "YfCloud.App.Module.LogStatus", "YfCloud.App.Module\YfCloud.App.Module.LogStatus\YfCloud.App.Module.LogStatus.csproj", "{ED6AF205-1658-4BA5-8EB4-60919CFE2CC7}"
EndProject
Project("{9A19103F-16F7-4668-BE54-9A1E7A4F7556}") = "YfCloud.App.Module.BasicSet", "YfCloud.App.Module\YfCloud.App.Module.BasicSet\YfCloud.App.Module.BasicSet.csproj", "{E36D47AA-0E9C-4881-90F9-48613670C009}"
EndProject
Project("{9A19103F-16F7-4668-BE54-9A1E7A4F7556}") = "YfCloud.App.Module.Warehouse", "YfCloud.App.Module\YfCloud.App.Module.Warehouse\YfCloud.App.Module.Warehouse.csproj", "{F1CA632C-7D6C-4E0D-A8FC-876F72214809}"
EndProject
Project("{9A19103F-16F7-4668-BE54-9A1E7A4F7556}") = "YfCloud.App.Module.Sales", "YfCloud.App.Module\YfCloud.App.Module.Sales\YfCloud.App.Module.Sales.csproj", "{BD5B9DB8-31E4-4195-A557-9C73E942627A}"
EndProject
Project("{9A19103F-16F7-4668-BE54-9A1E7A4F7556}") = "YfCloud.App.Module.Purchase", "YfCloud.App.Module\YfCloud.App.Module.Purchase\YfCloud.App.Module.Purchase.csproj", "{9D5EEFE0-C74A-4A55-9D3E-3470BA9DF253}"
EndProject
Project("{9A19103F-16F7-4668-BE54-9A1E7A4F7556}") = "YfCloud.App.Module.Manufacturing", "YfCloud.App.Module\YfCloud.App.Module.Manufacturing\YfCloud.App.Module.Manufacturing.csproj", "{A24EE41D-E3B5-4B4E-AE84-3FED69F54BA0}"
EndProject
Project("{9A19103F-16F7-4668-BE54-9A1E7A4F7556}") = "YfCloud.App.Module.Report", "YfCloud.App.Module\YfCloud.App.Module.Report\YfCloud.App.Module.Report.csproj", "{3F577B3E-E75C-4E83-B7DB-363FC5F50B76}"
EndProject
Project("{9A19103F-16F7-4668-BE54-9A1E7A4F7556}") = "YfCloud.App.Module.PackageSalesTool", "YfCloud.App.Module\YfCloud.App.Module.PackageSalesTool\YfCloud.App.Module.PackageSalesTool.csproj", "{0C69D59D-F060-4E85-8543-6715B142510C}"
EndProject
Global
	GlobalSection(SolutionConfigurationPlatforms) = preSolution
		Debug|Any CPU = Debug|Any CPU
		Release|Any CPU = Release|Any CPU
	EndGlobalSection
	GlobalSection(ProjectConfigurationPlatforms) = postSolution
		{9160C191-11AF-41CD-B3D6-803C9B37E20E}.Debug|Any CPU.ActiveCfg = Debug|Any CPU
		{9160C191-11AF-41CD-B3D6-803C9B37E20E}.Debug|Any CPU.Build.0 = Debug|Any CPU
		{9160C191-11AF-41CD-B3D6-803C9B37E20E}.Release|Any CPU.ActiveCfg = Release|Any CPU
		{9160C191-11AF-41CD-B3D6-803C9B37E20E}.Release|Any CPU.Build.0 = Release|Any CPU
		{35D58D11-F469-4768-960F-D8EFE6671C08}.Debug|Any CPU.ActiveCfg = Debug|Any CPU
		{35D58D11-F469-4768-960F-D8EFE6671C08}.Debug|Any CPU.Build.0 = Debug|Any CPU
		{35D58D11-F469-4768-960F-D8EFE6671C08}.Release|Any CPU.ActiveCfg = Release|Any CPU
		{35D58D11-F469-4768-960F-D8EFE6671C08}.Release|Any CPU.Build.0 = Release|Any CPU
		{964A046D-BC90-46BD-8CF1-3BB702D56471}.Debug|Any CPU.ActiveCfg = Debug|Any CPU
		{964A046D-BC90-46BD-8CF1-3BB702D56471}.Debug|Any CPU.Build.0 = Debug|Any CPU
		{964A046D-BC90-46BD-8CF1-3BB702D56471}.Release|Any CPU.ActiveCfg = Release|Any CPU
		{964A046D-BC90-46BD-8CF1-3BB702D56471}.Release|Any CPU.Build.0 = Release|Any CPU
		{6A614724-61DD-4A89-9F7B-9DF3E80353C0}.Debug|Any CPU.ActiveCfg = Debug|Any CPU
		{6A614724-61DD-4A89-9F7B-9DF3E80353C0}.Debug|Any CPU.Build.0 = Debug|Any CPU
		{6A614724-61DD-4A89-9F7B-9DF3E80353C0}.Release|Any CPU.ActiveCfg = Release|Any CPU
		{6A614724-61DD-4A89-9F7B-9DF3E80353C0}.Release|Any CPU.Build.0 = Release|Any CPU
		{338B8812-FCBF-4EDE-8AA4-A48533459F78}.Debug|Any CPU.ActiveCfg = Debug|Any CPU
		{338B8812-FCBF-4EDE-8AA4-A48533459F78}.Debug|Any CPU.Build.0 = Debug|Any CPU
		{338B8812-FCBF-4EDE-8AA4-A48533459F78}.Release|Any CPU.ActiveCfg = Release|Any CPU
		{338B8812-FCBF-4EDE-8AA4-A48533459F78}.Release|Any CPU.Build.0 = Release|Any CPU
		{2080348C-FB54-4356-BCA9-CB9538D1B216}.Debug|Any CPU.ActiveCfg = Debug|Any CPU
		{2080348C-FB54-4356-BCA9-CB9538D1B216}.Debug|Any CPU.Build.0 = Debug|Any CPU
		{2080348C-FB54-4356-BCA9-CB9538D1B216}.Release|Any CPU.ActiveCfg = Release|Any CPU
		{2080348C-FB54-4356-BCA9-CB9538D1B216}.Release|Any CPU.Build.0 = Release|Any CPU
		{EDDB2274-92DF-481B-82D2-42957FD322FA}.Debug|Any CPU.ActiveCfg = Debug|Any CPU
		{EDDB2274-92DF-481B-82D2-42957FD322FA}.Debug|Any CPU.Build.0 = Debug|Any CPU
		{EDDB2274-92DF-481B-82D2-42957FD322FA}.Release|Any CPU.ActiveCfg = Release|Any CPU
		{EDDB2274-92DF-481B-82D2-42957FD322FA}.Release|Any CPU.Build.0 = Release|Any CPU
		{A983C614-F079-4BFA-876D-2A065DE474EB}.Debug|Any CPU.ActiveCfg = Debug|Any CPU
		{A983C614-F079-4BFA-876D-2A065DE474EB}.Debug|Any CPU.Build.0 = Debug|Any CPU
		{A983C614-F079-4BFA-876D-2A065DE474EB}.Release|Any CPU.ActiveCfg = Release|Any CPU
		{A983C614-F079-4BFA-876D-2A065DE474EB}.Release|Any CPU.Build.0 = Release|Any CPU
		{74CA05D9-3824-45AB-8F1F-3841B370CB0A}.Debug|Any CPU.ActiveCfg = Debug|Any CPU
		{74CA05D9-3824-45AB-8F1F-3841B370CB0A}.Debug|Any CPU.Build.0 = Debug|Any CPU
		{74CA05D9-3824-45AB-8F1F-3841B370CB0A}.Release|Any CPU.ActiveCfg = Release|Any CPU
		{74CA05D9-3824-45AB-8F1F-3841B370CB0A}.Release|Any CPU.Build.0 = Release|Any CPU
		{7CF5CD9A-BE3D-4F79-87B2-CB617B090C5B}.Debug|Any CPU.ActiveCfg = Debug|Any CPU
		{7CF5CD9A-BE3D-4F79-87B2-CB617B090C5B}.Debug|Any CPU.Build.0 = Debug|Any CPU
		{7CF5CD9A-BE3D-4F79-87B2-CB617B090C5B}.Release|Any CPU.ActiveCfg = Release|Any CPU
		{7CF5CD9A-BE3D-4F79-87B2-CB617B090C5B}.Release|Any CPU.Build.0 = Release|Any CPU
		{6EF9C194-3636-46AD-8C46-64320379181D}.Debug|Any CPU.ActiveCfg = Debug|Any CPU
		{6EF9C194-3636-46AD-8C46-64320379181D}.Debug|Any CPU.Build.0 = Debug|Any CPU
		{6EF9C194-3636-46AD-8C46-64320379181D}.Release|Any CPU.ActiveCfg = Release|Any CPU
		{6EF9C194-3636-46AD-8C46-64320379181D}.Release|Any CPU.Build.0 = Release|Any CPU
		{E828FD6D-40FA-433A-A059-2A39AAC0B978}.Debug|Any CPU.ActiveCfg = Debug|Any CPU
		{E828FD6D-40FA-433A-A059-2A39AAC0B978}.Debug|Any CPU.Build.0 = Debug|Any CPU
		{E828FD6D-40FA-433A-A059-2A39AAC0B978}.Release|Any CPU.ActiveCfg = Release|Any CPU
		{E828FD6D-40FA-433A-A059-2A39AAC0B978}.Release|Any CPU.Build.0 = Release|Any CPU
		{D8F0281F-6816-491A-8039-C6D49E9A2209}.Debug|Any CPU.ActiveCfg = Debug|Any CPU
		{D8F0281F-6816-491A-8039-C6D49E9A2209}.Debug|Any CPU.Build.0 = Debug|Any CPU
		{D8F0281F-6816-491A-8039-C6D49E9A2209}.Release|Any CPU.ActiveCfg = Release|Any CPU
		{D8F0281F-6816-491A-8039-C6D49E9A2209}.Release|Any CPU.Build.0 = Release|Any CPU
		{ED6AF205-1658-4BA5-8EB4-60919CFE2CC7}.Debug|Any CPU.ActiveCfg = Debug|Any CPU
		{ED6AF205-1658-4BA5-8EB4-60919CFE2CC7}.Debug|Any CPU.Build.0 = Debug|Any CPU
		{ED6AF205-1658-4BA5-8EB4-60919CFE2CC7}.Release|Any CPU.ActiveCfg = Release|Any CPU
		{ED6AF205-1658-4BA5-8EB4-60919CFE2CC7}.Release|Any CPU.Build.0 = Release|Any CPU
		{E36D47AA-0E9C-4881-90F9-48613670C009}.Debug|Any CPU.ActiveCfg = Debug|Any CPU
		{E36D47AA-0E9C-4881-90F9-48613670C009}.Debug|Any CPU.Build.0 = Debug|Any CPU
		{E36D47AA-0E9C-4881-90F9-48613670C009}.Release|Any CPU.ActiveCfg = Release|Any CPU
		{E36D47AA-0E9C-4881-90F9-48613670C009}.Release|Any CPU.Build.0 = Release|Any CPU
		{F1CA632C-7D6C-4E0D-A8FC-876F72214809}.Debug|Any CPU.ActiveCfg = Debug|Any CPU
		{F1CA632C-7D6C-4E0D-A8FC-876F72214809}.Debug|Any CPU.Build.0 = Debug|Any CPU
		{F1CA632C-7D6C-4E0D-A8FC-876F72214809}.Release|Any CPU.ActiveCfg = Release|Any CPU
		{F1CA632C-7D6C-4E0D-A8FC-876F72214809}.Release|Any CPU.Build.0 = Release|Any CPU
		{BD5B9DB8-31E4-4195-A557-9C73E942627A}.Debug|Any CPU.ActiveCfg = Debug|Any CPU
		{BD5B9DB8-31E4-4195-A557-9C73E942627A}.Debug|Any CPU.Build.0 = Debug|Any CPU
		{BD5B9DB8-31E4-4195-A557-9C73E942627A}.Release|Any CPU.ActiveCfg = Release|Any CPU
		{BD5B9DB8-31E4-4195-A557-9C73E942627A}.Release|Any CPU.Build.0 = Release|Any CPU
		{9D5EEFE0-C74A-4A55-9D3E-3470BA9DF253}.Debug|Any CPU.ActiveCfg = Debug|Any CPU
		{9D5EEFE0-C74A-4A55-9D3E-3470BA9DF253}.Debug|Any CPU.Build.0 = Debug|Any CPU
		{9D5EEFE0-C74A-4A55-9D3E-3470BA9DF253}.Release|Any CPU.ActiveCfg = Release|Any CPU
		{9D5EEFE0-C74A-4A55-9D3E-3470BA9DF253}.Release|Any CPU.Build.0 = Release|Any CPU
		{A24EE41D-E3B5-4B4E-AE84-3FED69F54BA0}.Debug|Any CPU.ActiveCfg = Debug|Any CPU
		{A24EE41D-E3B5-4B4E-AE84-3FED69F54BA0}.Debug|Any CPU.Build.0 = Debug|Any CPU
		{A24EE41D-E3B5-4B4E-AE84-3FED69F54BA0}.Release|Any CPU.ActiveCfg = Release|Any CPU
		{A24EE41D-E3B5-4B4E-AE84-3FED69F54BA0}.Release|Any CPU.Build.0 = Release|Any CPU
		{3F577B3E-E75C-4E83-B7DB-363FC5F50B76}.Debug|Any CPU.ActiveCfg = Debug|Any CPU
		{3F577B3E-E75C-4E83-B7DB-363FC5F50B76}.Debug|Any CPU.Build.0 = Debug|Any CPU
		{3F577B3E-E75C-4E83-B7DB-363FC5F50B76}.Release|Any CPU.ActiveCfg = Release|Any CPU
		{3F577B3E-E75C-4E83-B7DB-363FC5F50B76}.Release|Any CPU.Build.0 = Release|Any CPU
		{0C69D59D-F060-4E85-8543-6715B142510C}.Debug|Any CPU.ActiveCfg = Debug|Any CPU
		{0C69D59D-F060-4E85-8543-6715B142510C}.Debug|Any CPU.Build.0 = Debug|Any CPU
		{0C69D59D-F060-4E85-8543-6715B142510C}.Release|Any CPU.ActiveCfg = Release|Any CPU
		{0C69D59D-F060-4E85-8543-6715B142510C}.Release|Any CPU.Build.0 = Release|Any CPU
	EndGlobalSection
	GlobalSection(SolutionProperties) = preSolution
		HideSolutionNode = FALSE
	EndGlobalSection
	GlobalSection(NestedProjects) = preSolution
		{9160C191-11AF-41CD-B3D6-803C9B37E20E} = {1C156729-384C-401B-9325-B929D8829342}
		{35D58D11-F469-4768-960F-D8EFE6671C08} = {AC1ACB56-5ED8-41A3-8422-DDF7DEC4EF35}
		{964A046D-BC90-46BD-8CF1-3BB702D56471} = {1C156729-384C-401B-9325-B929D8829342}
		{6A614724-61DD-4A89-9F7B-9DF3E80353C0} = {5ED93E41-9813-4590-8CB0-84D3ACFE522D}
		{338B8812-FCBF-4EDE-8AA4-A48533459F78} = {C8811020-3142-4D2F-A6D7-EDA449BDD347}
		{2080348C-FB54-4356-BCA9-CB9538D1B216} = {A8C5233F-B9DB-45E2-A20B-38C2710ADBFC}
		{EDDB2274-92DF-481B-82D2-42957FD322FA} = {076D49D6-3232-4ED2-A01D-C8D219D4E805}
		{A983C614-F079-4BFA-876D-2A065DE474EB} = {DD32BE70-B8A1-4B71-83E7-17A30D030E9A}
		{74CA05D9-3824-45AB-8F1F-3841B370CB0A} = {1C156729-384C-401B-9325-B929D8829342}
		{7CF5CD9A-BE3D-4F79-87B2-CB617B090C5B} = {1C156729-384C-401B-9325-B929D8829342}
		{6EF9C194-3636-46AD-8C46-64320379181D} = {1C156729-384C-401B-9325-B929D8829342}
		{E828FD6D-40FA-433A-A059-2A39AAC0B978} = {AC1ACB56-5ED8-41A3-8422-DDF7DEC4EF35}
		{D8F0281F-6816-491A-8039-C6D49E9A2209} = {5ED93E41-9813-4590-8CB0-84D3ACFE522D}
		{ED6AF205-1658-4BA5-8EB4-60919CFE2CC7} = {1C156729-384C-401B-9325-B929D8829342}
		{E36D47AA-0E9C-4881-90F9-48613670C009} = {1C156729-384C-401B-9325-B929D8829342}
		{F1CA632C-7D6C-4E0D-A8FC-876F72214809} = {1C156729-384C-401B-9325-B929D8829342}
		{BD5B9DB8-31E4-4195-A557-9C73E942627A} = {1C156729-384C-401B-9325-B929D8829342}
		{9D5EEFE0-C74A-4A55-9D3E-3470BA9DF253} = {1C156729-384C-401B-9325-B929D8829342}
		{A24EE41D-E3B5-4B4E-AE84-3FED69F54BA0} = {1C156729-384C-401B-9325-B929D8829342}
		{3F577B3E-E75C-4E83-B7DB-363FC5F50B76} = {1C156729-384C-401B-9325-B929D8829342}
		{0C69D59D-F060-4E85-8543-6715B142510C} = {1C156729-384C-401B-9325-B929D8829342}
	EndGlobalSection
	GlobalSection(ExtensibilityGlobals) = postSolution
		SolutionGuid = {C22B03AA-EF7B-41CB-AC63-A640D3C310C9}
	EndGlobalSection
EndGlobal
